
Microsoft Visual Studio Solution File, Format Version 12.00
# Visual Studio Version 17
VisualStudioVersion = 17.0.31903.59
MinimumVisualStudioVersion = 10.0.40219.1
Project("{C7167F0D-BC9F-4E6E-AFE1-012C56B48DB5}") = "Weather.App (Package)", "Weather.App\Weather.App (Package)\Weather.App (Package).wapproj", "{B9563F69-C713-45D6-BAAB-A821F4BD6CA5}"
EndProject
Project("{9A19103F-16F7-4668-BE54-9A1E7A4F7556}") = "Weather.App", "Weather.App\Weather.App\Weather.App.csproj", "{31D6012F-E42D-4520-8FDD-6BA137ECB9C3}"
EndProject
Project("{FAE04EC0-301F-11D3-BF4B-00C04F79EFBC}") = "Weather.Core", "Weather.Core\Weather.Core.csproj", "{27677BC6-F69A-47D6-8D48-32FDEAD636D5}"
EndProject
Project("{2150E333-8FDC-42A3-9474-1A3956D46DE8}") = "Weather.Adapters", "Weather.Adapters", "{E546C1F3-D7CA-4F25-99F9-AC4FFDCFAAA4}"
EndProject
Project("{FAE04EC0-301F-11D3-BF4B-00C04F79EFBC}") = "Weather.Adapter.QWeather", "Weather.Adapters\Weather.Adapter.QWeather\Weather.Adapter.QWeather.csproj", "{2C6CA804-130F-4C13-8E28-5918270DF6F8}"
EndProject
Project("{2150E333-8FDC-42A3-9474-1A3956D46DE8}") = "解决方案项", "解决方案项", "{1AF90E7E-BCB1-4170-849D-2B83B52B94E5}"
	ProjectSection(SolutionItems) = preProject
		.gitignore = .gitignore
		README.md = README.md
	EndProjectSection
EndProject
Global
	GlobalSection(SolutionConfigurationPlatforms) = preSolution
		Debug|Any CPU = Debug|Any CPU
		Debug|ARM64 = Debug|ARM64
		Debug|x64 = Debug|x64
		Debug|x86 = Debug|x86
		Release|Any CPU = Release|Any CPU
		Release|ARM64 = Release|ARM64
		Release|x64 = Release|x64
		Release|x86 = Release|x86
	EndGlobalSection
	GlobalSection(ProjectConfigurationPlatforms) = postSolution
		{B9563F69-C713-45D6-BAAB-A821F4BD6CA5}.Debug|Any CPU.ActiveCfg = Debug|x64
		{B9563F69-C713-45D6-BAAB-A821F4BD6CA5}.Debug|Any CPU.Build.0 = Debug|x64
		{B9563F69-C713-45D6-BAAB-A821F4BD6CA5}.Debug|Any CPU.Deploy.0 = Debug|x64
		{B9563F69-C713-45D6-BAAB-A821F4BD6CA5}.Debug|ARM64.ActiveCfg = Debug|ARM64
		{B9563F69-C713-45D6-BAAB-A821F4BD6CA5}.Debug|ARM64.Build.0 = Debug|ARM64
		{B9563F69-C713-45D6-BAAB-A821F4BD6CA5}.Debug|ARM64.Deploy.0 = Debug|ARM64
		{B9563F69-C713-45D6-BAAB-A821F4BD6CA5}.Debug|x64.ActiveCfg = Debug|x64
		{B9563F69-C713-45D6-BAAB-A821F4BD6CA5}.Debug|x64.Build.0 = Debug|x64
		{B9563F69-C713-45D6-BAAB-A821F4BD6CA5}.Debug|x64.Deploy.0 = Debug|x64
		{B9563F69-C713-45D6-BAAB-A821F4BD6CA5}.Debug|x86.ActiveCfg = Debug|x86
		{B9563F69-C713-45D6-BAAB-A821F4BD6CA5}.Debug|x86.Build.0 = Debug|x86
		{B9563F69-C713-45D6-BAAB-A821F4BD6CA5}.Debug|x86.Deploy.0 = Debug|x86
		{B9563F69-C713-45D6-BAAB-A821F4BD6CA5}.Release|Any CPU.ActiveCfg = Release|x64
		{B9563F69-C713-45D6-BAAB-A821F4BD6CA5}.Release|Any CPU.Build.0 = Release|x64
		{B9563F69-C713-45D6-BAAB-A821F4BD6CA5}.Release|Any CPU.Deploy.0 = Release|x64
		{B9563F69-C713-45D6-BAAB-A821F4BD6CA5}.Release|ARM64.ActiveCfg = Release|ARM64
		{B9563F69-C713-45D6-BAAB-A821F4BD6CA5}.Release|ARM64.Build.0 = Release|ARM64
		{B9563F69-C713-45D6-BAAB-A821F4BD6CA5}.Release|ARM64.Deploy.0 = Release|ARM64
		{B9563F69-C713-45D6-BAAB-A821F4BD6CA5}.Release|x64.ActiveCfg = Release|x64
		{B9563F69-C713-45D6-BAAB-A821F4BD6CA5}.Release|x64.Build.0 = Release|x64
		{B9563F69-C713-45D6-BAAB-A821F4BD6CA5}.Release|x64.Deploy.0 = Release|x64
		{B9563F69-C713-45D6-BAAB-A821F4BD6CA5}.Release|x86.ActiveCfg = Release|x86
		{B9563F69-C713-45D6-BAAB-A821F4BD6CA5}.Release|x86.Build.0 = Release|x86
		{B9563F69-C713-45D6-BAAB-A821F4BD6CA5}.Release|x86.Deploy.0 = Release|x86
		{31D6012F-E42D-4520-8FDD-6BA137ECB9C3}.Debug|Any CPU.ActiveCfg = Debug|x64
		{31D6012F-E42D-4520-8FDD-6BA137ECB9C3}.Debug|Any CPU.Build.0 = Debug|x64
		{31D6012F-E42D-4520-8FDD-6BA137ECB9C3}.Debug|ARM64.ActiveCfg = Debug|ARM64
		{31D6012F-E42D-4520-8FDD-6BA137ECB9C3}.Debug|ARM64.Build.0 = Debug|ARM64
		{31D6012F-E42D-4520-8FDD-6BA137ECB9C3}.Debug|x64.ActiveCfg = Debug|x64
		{31D6012F-E42D-4520-8FDD-6BA137ECB9C3}.Debug|x64.Build.0 = Debug|x64
		{31D6012F-E42D-4520-8FDD-6BA137ECB9C3}.Debug|x86.ActiveCfg = Debug|x86
		{31D6012F-E42D-4520-8FDD-6BA137ECB9C3}.Debug|x86.Build.0 = Debug|x86
		{31D6012F-E42D-4520-8FDD-6BA137ECB9C3}.Release|Any CPU.ActiveCfg = Release|x64
		{31D6012F-E42D-4520-8FDD-6BA137ECB9C3}.Release|Any CPU.Build.0 = Release|x64
		{31D6012F-E42D-4520-8FDD-6BA137ECB9C3}.Release|ARM64.ActiveCfg = Release|ARM64
		{31D6012F-E42D-4520-8FDD-6BA137ECB9C3}.Release|ARM64.Build.0 = Release|ARM64
		{31D6012F-E42D-4520-8FDD-6BA137ECB9C3}.Release|x64.ActiveCfg = Release|x64
		{31D6012F-E42D-4520-8FDD-6BA137ECB9C3}.Release|x64.Build.0 = Release|x64
		{31D6012F-E42D-4520-8FDD-6BA137ECB9C3}.Release|x86.ActiveCfg = Release|x86
		{31D6012F-E42D-4520-8FDD-6BA137ECB9C3}.Release|x86.Build.0 = Release|x86
		{27677BC6-F69A-47D6-8D48-32FDEAD636D5}.Debug|Any CPU.ActiveCfg = Debug|Any CPU
		{27677BC6-F69A-47D6-8D48-32FDEAD636D5}.Debug|Any CPU.Build.0 = Debug|Any CPU
		{27677BC6-F69A-47D6-8D48-32FDEAD636D5}.Debug|ARM64.ActiveCfg = Debug|Any CPU
		{27677BC6-F69A-47D6-8D48-32FDEAD636D5}.Debug|ARM64.Build.0 = Debug|Any CPU
		{27677BC6-F69A-47D6-8D48-32FDEAD636D5}.Debug|x64.ActiveCfg = Debug|Any CPU
		{27677BC6-F69A-47D6-8D48-32FDEAD636D5}.Debug|x64.Build.0 = Debug|Any CPU
		{27677BC6-F69A-47D6-8D48-32FDEAD636D5}.Debug|x86.ActiveCfg = Debug|Any CPU
		{27677BC6-F69A-47D6-8D48-32FDEAD636D5}.Debug|x86.Build.0 = Debug|Any CPU
		{27677BC6-F69A-47D6-8D48-32FDEAD636D5}.Release|Any CPU.ActiveCfg = Release|Any CPU
		{27677BC6-F69A-47D6-8D48-32FDEAD636D5}.Release|Any CPU.Build.0 = Release|Any CPU
		{27677BC6-F69A-47D6-8D48-32FDEAD636D5}.Release|ARM64.ActiveCfg = Release|Any CPU
		{27677BC6-F69A-47D6-8D48-32FDEAD636D5}.Release|ARM64.Build.0 = Release|Any CPU
		{27677BC6-F69A-47D6-8D48-32FDEAD636D5}.Release|x64.ActiveCfg = Release|Any CPU
		{27677BC6-F69A-47D6-8D48-32FDEAD636D5}.Release|x64.Build.0 = Release|Any CPU
		{27677BC6-F69A-47D6-8D48-32FDEAD636D5}.Release|x86.ActiveCfg = Release|Any CPU
		{27677BC6-F69A-47D6-8D48-32FDEAD636D5}.Release|x86.Build.0 = Release|Any CPU
		{2C6CA804-130F-4C13-8E28-5918270DF6F8}.Debug|Any CPU.ActiveCfg = Debug|Any CPU
		{2C6CA804-130F-4C13-8E28-5918270DF6F8}.Debug|Any CPU.Build.0 = Debug|Any CPU
		{2C6CA804-130F-4C13-8E28-5918270DF6F8}.Debug|ARM64.ActiveCfg = Debug|Any CPU
		{2C6CA804-130F-4C13-8E28-5918270DF6F8}.Debug|ARM64.Build.0 = Debug|Any CPU
		{2C6CA804-130F-4C13-8E28-5918270DF6F8}.Debug|x64.ActiveCfg = Debug|Any CPU
		{2C6CA804-130F-4C13-8E28-5918270DF6F8}.Debug|x64.Build.0 = Debug|Any CPU
		{2C6CA804-130F-4C13-8E28-5918270DF6F8}.Debug|x86.ActiveCfg = Debug|Any CPU
		{2C6CA804-130F-4C13-8E28-5918270DF6F8}.Debug|x86.Build.0 = Debug|Any CPU
		{2C6CA804-130F-4C13-8E28-5918270DF6F8}.Release|Any CPU.ActiveCfg = Release|Any CPU
		{2C6CA804-130F-4C13-8E28-5918270DF6F8}.Release|Any CPU.Build.0 = Release|Any CPU
		{2C6CA804-130F-4C13-8E28-5918270DF6F8}.Release|ARM64.ActiveCfg = Release|Any CPU
		{2C6CA804-130F-4C13-8E28-5918270DF6F8}.Release|ARM64.Build.0 = Release|Any CPU
		{2C6CA804-130F-4C13-8E28-5918270DF6F8}.Release|x64.ActiveCfg = Release|Any CPU
		{2C6CA804-130F-4C13-8E28-5918270DF6F8}.Release|x64.Build.0 = Release|Any CPU
		{2C6CA804-130F-4C13-8E28-5918270DF6F8}.Release|x86.ActiveCfg = Release|Any CPU
		{2C6CA804-130F-4C13-8E28-5918270DF6F8}.Release|x86.Build.0 = Release|Any CPU
	EndGlobalSection
	GlobalSection(SolutionProperties) = preSolution
		HideSolutionNode = FALSE
	EndGlobalSection
	GlobalSection(NestedProjects) = preSolution
		{2C6CA804-130F-4C13-8E28-5918270DF6F8} = {E546C1F3-D7CA-4F25-99F9-AC4FFDCFAAA4}
	EndGlobalSection
	GlobalSection(ExtensibilityGlobals) = postSolution
		SolutionGuid = {FC4C6EA9-4604-4B7C-A180-BFDF4A22071B}
	EndGlobalSection
EndGlobal
